
Microsoft Visual Studio Solution File, Format Version 12.00
# Visual Studio 15
VisualStudioVersion = 15.0.28307.705
MinimumVisualStudioVersion = 10.0.40219.1
Project("{9A19103F-16F7-4668-BE54-9A1E7A4F7556}") = "Day1", "Day1\Day1.csproj", "{5C08ABC3-85D9-422D-8255-3BCF4908B619}"
EndProject
Project("{FAE04EC0-301F-11D3-BF4B-00C04F79EFBC}") = "Day2", "Day2\Day2.csproj", "{C896C29B-4A72-4400-B792-46A57123CE72}"
EndProject
Project("{FAE04EC0-301F-11D3-BF4B-00C04F79EFBC}") = "Day3", "Day3\Day3.csproj", "{7FAD1BE6-FD3C-4B6B-942F-3D06A8861B93}"
EndProject
Project("{FAE04EC0-301F-11D3-BF4B-00C04F79EFBC}") = "AnyThings", "AnyThings\AnyThings.csproj", "{D712F44C-B9A9-4176-B9E4-7DE007751772}"
EndProject
Project("{FAE04EC0-301F-11D3-BF4B-00C04F79EFBC}") = "Day4", "Day4\Day4.csproj", "{7337A8A8-F212-4593-B4D2-A79657AAAA7D}"
EndProject
Project("{FAE04EC0-301F-11D3-BF4B-00C04F79EFBC}") = "Day5", "Day5\Day5.csproj", "{5F97EADC-53D3-46B3-B8E2-F54FE1DEE358}"
EndProject
Global
	GlobalSection(SolutionConfigurationPlatforms) = preSolution
		Debug|Any CPU = Debug|Any CPU
		Release|Any CPU = Release|Any CPU
	EndGlobalSection
	GlobalSection(ProjectConfigurationPlatforms) = postSolution
		{5C08ABC3-85D9-422D-8255-3BCF4908B619}.Debug|Any CPU.ActiveCfg = Debug|Any CPU
		{5C08ABC3-85D9-422D-8255-3BCF4908B619}.Debug|Any CPU.Build.0 = Debug|Any CPU
		{5C08ABC3-85D9-422D-8255-3BCF4908B619}.Release|Any CPU.ActiveCfg = Release|Any CPU
		{5C08ABC3-85D9-422D-8255-3BCF4908B619}.Release|Any CPU.Build.0 = Release|Any CPU
		{C896C29B-4A72-4400-B792-46A57123CE72}.Debug|Any CPU.ActiveCfg = Debug|Any CPU
		{C896C29B-4A72-4400-B792-46A57123CE72}.Debug|Any CPU.Build.0 = Debug|Any CPU
		{C896C29B-4A72-4400-B792-46A57123CE72}.Release|Any CPU.ActiveCfg = Release|Any CPU
		{C896C29B-4A72-4400-B792-46A57123CE72}.Release|Any CPU.Build.0 = Release|Any CPU
		{7FAD1BE6-FD3C-4B6B-942F-3D06A8861B93}.Debug|Any CPU.ActiveCfg = Debug|Any CPU
		{7FAD1BE6-FD3C-4B6B-942F-3D06A8861B93}.Debug|Any CPU.Build.0 = Debug|Any CPU
		{7FAD1BE6-FD3C-4B6B-942F-3D06A8861B93}.Release|Any CPU.ActiveCfg = Release|Any CPU
		{7FAD1BE6-FD3C-4B6B-942F-3D06A8861B93}.Release|Any CPU.Build.0 = Release|Any CPU
		{D712F44C-B9A9-4176-B9E4-7DE007751772}.Debug|Any CPU.ActiveCfg = Debug|Any CPU
		{D712F44C-B9A9-4176-B9E4-7DE007751772}.Debug|Any CPU.Build.0 = Debug|Any CPU
		{D712F44C-B9A9-4176-B9E4-7DE007751772}.Release|Any CPU.ActiveCfg = Release|Any CPU
		{D712F44C-B9A9-4176-B9E4-7DE007751772}.Release|Any CPU.Build.0 = Release|Any CPU
		{7337A8A8-F212-4593-B4D2-A79657AAAA7D}.Debug|Any CPU.ActiveCfg = Debug|Any CPU
		{7337A8A8-F212-4593-B4D2-A79657AAAA7D}.Debug|Any CPU.Build.0 = Debug|Any CPU
		{7337A8A8-F212-4593-B4D2-A79657AAAA7D}.Release|Any CPU.ActiveCfg = Release|Any CPU
		{7337A8A8-F212-4593-B4D2-A79657AAAA7D}.Release|Any CPU.Build.0 = Release|Any CPU
		{5F97EADC-53D3-46B3-B8E2-F54FE1DEE358}.Debug|Any CPU.ActiveCfg = Debug|Any CPU
		{5F97EADC-53D3-46B3-B8E2-F54FE1DEE358}.Debug|Any CPU.Build.0 = Debug|Any CPU
		{5F97EADC-53D3-46B3-B8E2-F54FE1DEE358}.Release|Any CPU.ActiveCfg = Release|Any CPU
		{5F97EADC-53D3-46B3-B8E2-F54FE1DEE358}.Release|Any CPU.Build.0 = Release|Any CPU
	EndGlobalSection
	GlobalSection(SolutionProperties) = preSolution
		HideSolutionNode = FALSE
	EndGlobalSection
	GlobalSection(ExtensibilityGlobals) = postSolution
		SolutionGuid = {2F62FD90-AEF2-44A2-ACA8-B658BEC4E15A}
	EndGlobalSection
EndGlobal
